
Microsoft Visual Studio Solution File, Format Version 12.00
# Visual Studio Version 16
Project("{2150E333-8FDC-42A3-9474-1A3956D46DE8}") = "Solution Items", "Solution Items", "{C942F824-B53C-2177-9EA9-B7878A4287E3}"
	ProjectSection(SolutionItems) = preProject
		.editorconfig = .editorconfig
	EndProjectSection
EndProject
Project("{8BC9CEB8-8B4A-11D0-8D11-00A0C91BC942}") = "DymaticEditor", "DymaticEditor\DymaticEditor.vcxproj", "{97412512-0302-A148-CC3C-EAC538BCE524}"
EndProject
Project("{8BC9CEB8-8B4A-11D0-8D11-00A0C91BC942}") = "CrashManager", "CrashManager\CrashManager.vcxproj", "{114FC973-FDB1-5818-A637-91CE9279249B}"
EndProject
Project("{2150E333-8FDC-42A3-9474-1A3956D46DE8}") = "Dependencies", "Dependencies", "{53E47842-3FC8-3998-A828-34EB942B241A}"
EndProject
Project("{8BC9CEB8-8B4A-11D0-8D11-00A0C91BC942}") = "Box2D", "Dymatic\vendor\Box2D\Box2D.vcxproj", "{A434E80C-1049-10BE-D9CA-B31D459E0CEF}"
EndProject
Project("{8BC9CEB8-8B4A-11D0-8D11-00A0C91BC942}") = "GLFW", "Dymatic\vendor\GLFW\GLFW.vcxproj", "{154B857C-0182-860D-AA6E-6C109684020F}"
EndProject
Project("{8BC9CEB8-8B4A-11D0-8D11-00A0C91BC942}") = "Glad", "Dymatic\vendor\Glad\Glad.vcxproj", "{BDD6857C-A90D-870D-52FA-6C103E10030F}"
EndProject
Project("{8BC9CEB8-8B4A-11D0-8D11-00A0C91BC942}") = "ImGui", "Dymatic\vendor\imgui\ImGui.vcxproj", "{C0FF640D-2C14-8DBE-F595-301E616989EF}"
EndProject
Project("{8BC9CEB8-8B4A-11D0-8D11-00A0C91BC942}") = "Premake", "vendor\premake\Premake.vcxproj", "{6ACC3F23-D6AB-BEBE-DFC3-49954B222520}"
EndProject
Project("{8BC9CEB8-8B4A-11D0-8D11-00A0C91BC942}") = "yaml-cpp", "Dymatic\vendor\yaml-cpp\yaml-cpp.vcxproj", "{88F1A057-74BE-FB62-9DD7-E90A890331F1}"
EndProject
Project("{8BC9CEB8-8B4A-11D0-8D11-00A0C91BC942}") = "Dymatic", "Dymatic\Dymatic.vcxproj", "{D08F6398-3C6F-E233-4587-6D0AB1E54895}"
EndProject
Project("{8BC9CEB8-8B4A-11D0-8D11-00A0C91BC942}") = "DymaticLauncher", "DymaticLauncher\DymaticLauncher.vcxproj", "{22C2E4DA-8E4D-529F-975E-D5930369AE9F}"
EndProject
Project("{8BC9CEB8-8B4A-11D0-8D11-00A0C91BC942}") = "Sandbox", "Sandbox\Sandbox.vcxproj", "{F4C124E3-60A1-A37E-69B9-2E55D5170AE0}"
EndProject
Global
	GlobalSection(SolutionConfigurationPlatforms) = preSolution
		Debug|x64 = Debug|x64
		Dist|x64 = Dist|x64
		Release|x64 = Release|x64
	EndGlobalSection
	GlobalSection(ProjectConfigurationPlatforms) = postSolution
		{97412512-0302-A148-CC3C-EAC538BCE524}.Debug|x64.ActiveCfg = Debug|x64
		{97412512-0302-A148-CC3C-EAC538BCE524}.Debug|x64.Build.0 = Debug|x64
		{97412512-0302-A148-CC3C-EAC538BCE524}.Dist|x64.ActiveCfg = Dist|x64
		{97412512-0302-A148-CC3C-EAC538BCE524}.Dist|x64.Build.0 = Dist|x64
		{97412512-0302-A148-CC3C-EAC538BCE524}.Release|x64.ActiveCfg = Release|x64
		{97412512-0302-A148-CC3C-EAC538BCE524}.Release|x64.Build.0 = Release|x64
		{114FC973-FDB1-5818-A637-91CE9279249B}.Debug|x64.ActiveCfg = Debug|x64
		{114FC973-FDB1-5818-A637-91CE9279249B}.Debug|x64.Build.0 = Debug|x64
		{114FC973-FDB1-5818-A637-91CE9279249B}.Dist|x64.ActiveCfg = Dist|x64
		{114FC973-FDB1-5818-A637-91CE9279249B}.Dist|x64.Build.0 = Dist|x64
		{114FC973-FDB1-5818-A637-91CE9279249B}.Release|x64.ActiveCfg = Release|x64
		{114FC973-FDB1-5818-A637-91CE9279249B}.Release|x64.Build.0 = Release|x64
		{A434E80C-1049-10BE-D9CA-B31D459E0CEF}.Debug|x64.ActiveCfg = Debug|x64
		{A434E80C-1049-10BE-D9CA-B31D459E0CEF}.Debug|x64.Build.0 = Debug|x64
		{A434E80C-1049-10BE-D9CA-B31D459E0CEF}.Dist|x64.ActiveCfg = Dist|x64
		{A434E80C-1049-10BE-D9CA-B31D459E0CEF}.Dist|x64.Build.0 = Dist|x64
		{A434E80C-1049-10BE-D9CA-B31D459E0CEF}.Release|x64.ActiveCfg = Release|x64
		{A434E80C-1049-10BE-D9CA-B31D459E0CEF}.Release|x64.Build.0 = Release|x64
		{154B857C-0182-860D-AA6E-6C109684020F}.Debug|x64.ActiveCfg = Debug|x64
		{154B857C-0182-860D-AA6E-6C109684020F}.Debug|x64.Build.0 = Debug|x64
		{154B857C-0182-860D-AA6E-6C109684020F}.Dist|x64.ActiveCfg = Dist|x64
		{154B857C-0182-860D-AA6E-6C109684020F}.Dist|x64.Build.0 = Dist|x64
		{154B857C-0182-860D-AA6E-6C109684020F}.Release|x64.ActiveCfg = Release|x64
		{154B857C-0182-860D-AA6E-6C109684020F}.Release|x64.Build.0 = Release|x64
		{BDD6857C-A90D-870D-52FA-6C103E10030F}.Debug|x64.ActiveCfg = Debug|x64
		{BDD6857C-A90D-870D-52FA-6C103E10030F}.Debug|x64.Build.0 = Debug|x64
		{BDD6857C-A90D-870D-52FA-6C103E10030F}.Dist|x64.ActiveCfg = Dist|x64
		{BDD6857C-A90D-870D-52FA-6C103E10030F}.Dist|x64.Build.0 = Dist|x64
		{BDD6857C-A90D-870D-52FA-6C103E10030F}.Release|x64.ActiveCfg = Release|x64
		{BDD6857C-A90D-870D-52FA-6C103E10030F}.Release|x64.Build.0 = Release|x64
		{C0FF640D-2C14-8DBE-F595-301E616989EF}.Debug|x64.ActiveCfg = Debug|x64
		{C0FF640D-2C14-8DBE-F595-301E616989EF}.Debug|x64.Build.0 = Debug|x64
		{C0FF640D-2C14-8DBE-F595-301E616989EF}.Dist|x64.ActiveCfg = Dist|x64
		{C0FF640D-2C14-8DBE-F595-301E616989EF}.Dist|x64.Build.0 = Dist|x64
		{C0FF640D-2C14-8DBE-F595-301E616989EF}.Release|x64.ActiveCfg = Release|x64
		{C0FF640D-2C14-8DBE-F595-301E616989EF}.Release|x64.Build.0 = Release|x64
		{6ACC3F23-D6AB-BEBE-DFC3-49954B222520}.Debug|x64.ActiveCfg = Debug|x64
		{6ACC3F23-D6AB-BEBE-DFC3-49954B222520}.Debug|x64.Build.0 = Debug|x64
		{6ACC3F23-D6AB-BEBE-DFC3-49954B222520}.Dist|x64.ActiveCfg = Dist|x64
		{6ACC3F23-D6AB-BEBE-DFC3-49954B222520}.Dist|x64.Build.0 = Dist|x64
		{6ACC3F23-D6AB-BEBE-DFC3-49954B222520}.Release|x64.ActiveCfg = Release|x64
		{6ACC3F23-D6AB-BEBE-DFC3-49954B222520}.Release|x64.Build.0 = Release|x64
		{88F1A057-74BE-FB62-9DD7-E90A890331F1}.Debug|x64.ActiveCfg = Debug|x64
		{88F1A057-74BE-FB62-9DD7-E90A890331F1}.Debug|x64.Build.0 = Debug|x64
		{88F1A057-74BE-FB62-9DD7-E90A890331F1}.Dist|x64.ActiveCfg = Dist|x64
		{88F1A057-74BE-FB62-9DD7-E90A890331F1}.Dist|x64.Build.0 = Dist|x64
		{88F1A057-74BE-FB62-9DD7-E90A890331F1}.Release|x64.ActiveCfg = Release|x64
		{88F1A057-74BE-FB62-9DD7-E90A890331F1}.Release|x64.Build.0 = Release|x64
		{D08F6398-3C6F-E233-4587-6D0AB1E54895}.Debug|x64.ActiveCfg = Debug|x64
		{D08F6398-3C6F-E233-4587-6D0AB1E54895}.Debug|x64.Build.0 = Debug|x64
		{D08F6398-3C6F-E233-4587-6D0AB1E54895}.Dist|x64.ActiveCfg = Dist|x64
		{D08F6398-3C6F-E233-4587-6D0AB1E54895}.Dist|x64.Build.0 = Dist|x64
		{D08F6398-3C6F-E233-4587-6D0AB1E54895}.Release|x64.ActiveCfg = Release|x64
		{D08F6398-3C6F-E233-4587-6D0AB1E54895}.Release|x64.Build.0 = Release|x64
		{22C2E4DA-8E4D-529F-975E-D5930369AE9F}.Debug|x64.ActiveCfg = Debug|x64
		{22C2E4DA-8E4D-529F-975E-D5930369AE9F}.Debug|x64.Build.0 = Debug|x64
		{22C2E4DA-8E4D-529F-975E-D5930369AE9F}.Dist|x64.ActiveCfg = Dist|x64
		{22C2E4DA-8E4D-529F-975E-D5930369AE9F}.Dist|x64.Build.0 = Dist|x64
		{22C2E4DA-8E4D-529F-975E-D5930369AE9F}.Release|x64.ActiveCfg = Release|x64
		{22C2E4DA-8E4D-529F-975E-D5930369AE9F}.Release|x64.Build.0 = Release|x64
		{F4C124E3-60A1-A37E-69B9-2E55D5170AE0}.Debug|x64.ActiveCfg = Debug|x64
		{F4C124E3-60A1-A37E-69B9-2E55D5170AE0}.Debug|x64.Build.0 = Debug|x64
		{F4C124E3-60A1-A37E-69B9-2E55D5170AE0}.Dist|x64.ActiveCfg = Dist|x64
		{F4C124E3-60A1-A37E-69B9-2E55D5170AE0}.Dist|x64.Build.0 = Dist|x64
		{F4C124E3-60A1-A37E-69B9-2E55D5170AE0}.Release|x64.ActiveCfg = Release|x64
		{F4C124E3-60A1-A37E-69B9-2E55D5170AE0}.Release|x64.Build.0 = Release|x64
	EndGlobalSection
	GlobalSection(SolutionProperties) = preSolution
		HideSolutionNode = FALSE
	EndGlobalSection
	GlobalSection(NestedProjects) = preSolution
		{A434E80C-1049-10BE-D9CA-B31D459E0CEF} = {53E47842-3FC8-3998-A828-34EB942B241A}
		{154B857C-0182-860D-AA6E-6C109684020F} = {53E47842-3FC8-3998-A828-34EB942B241A}
		{BDD6857C-A90D-870D-52FA-6C103E10030F} = {53E47842-3FC8-3998-A828-34EB942B241A}
		{C0FF640D-2C14-8DBE-F595-301E616989EF} = {53E47842-3FC8-3998-A828-34EB942B241A}
		{6ACC3F23-D6AB-BEBE-DFC3-49954B222520} = {53E47842-3FC8-3998-A828-34EB942B241A}
		{88F1A057-74BE-FB62-9DD7-E90A890331F1} = {53E47842-3FC8-3998-A828-34EB942B241A}
	EndGlobalSection
EndGlobal
